// !$*UTF8*$!
{
	archiveVersion = 1;
	classes = {
	};
	objectVersion = 46;
	objects = {

/* Begin PBXBuildFile section */
		7D93AC4C18112CD30086793B /* Foundation.framework in Frameworks */ = {isa = PBXBuildFile; fileRef = 7D93AC4B18112CD30086793B /* Foundation.framework */; };
		7D93AC4E18112CD30086793B /* CoreGraphics.framework in Frameworks */ = {isa = PBXBuildFile; fileRef = 7D93AC4D18112CD30086793B /* CoreGraphics.framework */; };
		7D93AC5018112CD30086793B /* UIKit.framework in Frameworks */ = {isa = PBXBuildFile; fileRef = 7D93AC4F18112CD30086793B /* UIKit.framework */; };
		7D93AC5218112CD30086793B /* CoreData.framework in Frameworks */ = {isa = PBXBuildFile; fileRef = 7D93AC5118112CD30086793B /* CoreData.framework */; };
		7D93AC5818112CD30086793B /* InfoPlist.strings in Resources */ = {isa = PBXBuildFile; fileRef = 7D93AC5618112CD30086793B /* InfoPlist.strings */; };
		7D93AC5A18112CD30086793B /* main.m in Sources */ = {isa = PBXBuildFile; fileRef = 7D93AC5918112CD30086793B /* main.m */; };
		7D93AC5E18112CD30086793B /* AppDelegate.m in Sources */ = {isa = PBXBuildFile; fileRef = 7D93AC5D18112CD30086793B /* AppDelegate.m */; };
		7D93AC6118112CD30086793B /* Main.storyboard in Resources */ = {isa = PBXBuildFile; fileRef = 7D93AC5F18112CD30086793B /* Main.storyboard */; };
		7D93AC6418112CD30086793B /* YAWA.xcdatamodeld in Sources */ = {isa = PBXBuildFile; fileRef = 7D93AC6218112CD30086793B /* YAWA.xcdatamodeld */; };
		7D93AC6718112CD30086793B /* MasterViewController.m in Sources */ = {isa = PBXBuildFile; fileRef = 7D93AC6618112CD30086793B /* MasterViewController.m */; };
		7D93AC6A18112CD40086793B /* DetailViewController.m in Sources */ = {isa = PBXBuildFile; fileRef = 7D93AC6918112CD40086793B /* DetailViewController.m */; };
		7D93AC6C18112CD40086793B /* Images.xcassets in Resources */ = {isa = PBXBuildFile; fileRef = 7D93AC6B18112CD40086793B /* Images.xcassets */; };
		7D93AC7318112CD40086793B /* XCTest.framework in Frameworks */ = {isa = PBXBuildFile; fileRef = 7D93AC7218112CD40086793B /* XCTest.framework */; };
		7D93AC7418112CD40086793B /* Foundation.framework in Frameworks */ = {isa = PBXBuildFile; fileRef = 7D93AC4B18112CD30086793B /* Foundation.framework */; };
		7D93AC7518112CD40086793B /* UIKit.framework in Frameworks */ = {isa = PBXBuildFile; fileRef = 7D93AC4F18112CD30086793B /* UIKit.framework */; };
		7D93AC7618112CD40086793B /* CoreData.framework in Frameworks */ = {isa = PBXBuildFile; fileRef = 7D93AC5118112CD30086793B /* CoreData.framework */; };
		7D93AC7E18112CD40086793B /* InfoPlist.strings in Resources */ = {isa = PBXBuildFile; fileRef = 7D93AC7C18112CD40086793B /* InfoPlist.strings */; };
		7D93AC8018112CD40086793B /* YAWATests.m in Sources */ = {isa = PBXBuildFile; fileRef = 7D93AC7F18112CD40086793B /* YAWATests.m */; };
		7D976F22181512FE007B6977 /* AsyncImageView.m in Sources */ = {isa = PBXBuildFile; fileRef = 7D976F21181512FE007B6977 /* AsyncImageView.m */; };
		7D976F2618152A01007B6977 /* defaultimage.png in Resources */ = {isa = PBXBuildFile; fileRef = 7D976F2518152A01007B6977 /* defaultimage.png */; };
/* End PBXBuildFile section */

/* Begin PBXContainerItemProxy section */
		7D93AC7718112CD40086793B /* PBXContainerItemProxy */ = {
			isa = PBXContainerItemProxy;
			containerPortal = 7D93AC4018112CD30086793B /* Project object */;
			proxyType = 1;
			remoteGlobalIDString = 7D93AC4718112CD30086793B;
			remoteInfo = YAWA;
		};
/* End PBXContainerItemProxy section */

/* Begin PBXFileReference section */
		7D93AC4818112CD30086793B /* YAWA.app */ = {isa = PBXFileReference; explicitFileType = wrapper.application; includeInIndex = 0; path = YAWA.app; sourceTree = BUILT_PRODUCTS_DIR; };
		7D93AC4B18112CD30086793B /* Foundation.framework */ = {isa = PBXFileReference; lastKnownFileType = wrapper.framework; name = Foundation.framework; path = System/Library/Frameworks/Foundation.framework; sourceTree = SDKROOT; };
		7D93AC4D18112CD30086793B /* CoreGraphics.framework */ = {isa = PBXFileReference; lastKnownFileType = wrapper.framework; name = CoreGraphics.framework; path = System/Library/Frameworks/CoreGraphics.framework; sourceTree = SDKROOT; };
		7D93AC4F18112CD30086793B /* UIKit.framework */ = {isa = PBXFileReference; lastKnownFileType = wrapper.framework; name = UIKit.framework; path = System/Library/Frameworks/UIKit.framework; sourceTree = SDKROOT; };
		7D93AC5118112CD30086793B /* CoreData.framework */ = {isa = PBXFileReference; lastKnownFileType = wrapper.framework; name = CoreData.framework; path = System/Library/Frameworks/CoreData.framework; sourceTree = SDKROOT; };
		7D93AC5518112CD30086793B /* YAWA-Info.plist */ = {isa = PBXFileReference; lastKnownFileType = text.plist.xml; path = "YAWA-Info.plist"; sourceTree = "<group>"; };
		7D93AC5718112CD30086793B /* en */ = {isa = PBXFileReference; lastKnownFileType = text.plist.strings; name = en; path = en.lproj/InfoPlist.strings; sourceTree = "<group>"; };
		7D93AC5918112CD30086793B /* main.m */ = {isa = PBXFileReference; lastKnownFileType = sourcecode.c.objc; path = main.m; sourceTree = "<group>"; };
		7D93AC5B18112CD30086793B /* YAWA-Prefix.pch */ = {isa = PBXFileReference; lastKnownFileType = sourcecode.c.h; path = "YAWA-Prefix.pch"; sourceTree = "<group>"; };
		7D93AC5C18112CD30086793B /* AppDelegate.h */ = {isa = PBXFileReference; lastKnownFileType = sourcecode.c.h; path = AppDelegate.h; sourceTree = "<group>"; };
		7D93AC5D18112CD30086793B /* AppDelegate.m */ = {isa = PBXFileReference; lastKnownFileType = sourcecode.c.objc; path = AppDelegate.m; sourceTree = "<group>"; };
		7D93AC6018112CD30086793B /* Base */ = {isa = PBXFileReference; lastKnownFileType = file.storyboard; name = Base; path = Base.lproj/Main.storyboard; sourceTree = "<group>"; };
		7D93AC6318112CD30086793B /* YAWA.xcdatamodel */ = {isa = PBXFileReference; lastKnownFileType = wrapper.xcdatamodel; path = YAWA.xcdatamodel; sourceTree = "<group>"; };
		7D93AC6518112CD30086793B /* MasterViewController.h */ = {isa = PBXFileReference; lastKnownFileType = sourcecode.c.h; path = MasterViewController.h; sourceTree = "<group>"; };
		7D93AC6618112CD30086793B /* MasterViewController.m */ = {isa = PBXFileReference; lastKnownFileType = sourcecode.c.objc; path = MasterViewController.m; sourceTree = "<group>"; wrapsLines = 0; };
		7D93AC6818112CD40086793B /* DetailViewController.h */ = {isa = PBXFileReference; lastKnownFileType = sourcecode.c.h; path = DetailViewController.h; sourceTree = "<group>"; };
		7D93AC6918112CD40086793B /* DetailViewController.m */ = {isa = PBXFileReference; lastKnownFileType = sourcecode.c.objc; path = DetailViewController.m; sourceTree = "<group>"; };
		7D93AC6B18112CD40086793B /* Images.xcassets */ = {isa = PBXFileReference; lastKnownFileType = folder.assetcatalog; path = Images.xcassets; sourceTree = "<group>"; };
		7D93AC7118112CD40086793B /* YAWATests.xctest */ = {isa = PBXFileReference; explicitFileType = wrapper.cfbundle; includeInIndex = 0; path = YAWATests.xctest; sourceTree = BUILT_PRODUCTS_DIR; };
		7D93AC7218112CD40086793B /* XCTest.framework */ = {isa = PBXFileReference; lastKnownFileType = wrapper.framework; name = XCTest.framework; path = Library/Frameworks/XCTest.framework; sourceTree = DEVELOPER_DIR; };
		7D93AC7B18112CD40086793B /* YAWATests-Info.plist */ = {isa = PBXFileReference; lastKnownFileType = text.plist.xml; path = "YAWATests-Info.plist"; sourceTree = "<group>"; };
		7D93AC7D18112CD40086793B /* en */ = {isa = PBXFileReference; lastKnownFileType = text.plist.strings; name = en; path = en.lproj/InfoPlist.strings; sourceTree = "<group>"; };
		7D93AC7F18112CD40086793B /* YAWATests.m */ = {isa = PBXFileReference; lastKnownFileType = sourcecode.c.objc; path = YAWATests.m; sourceTree = "<group>"; };
		7D976F20181512FE007B6977 /* AsyncImageView.h */ = {isa = PBXFileReference; fileEncoding = 4; lastKnownFileType = sourcecode.c.h; path = AsyncImageView.h; sourceTree = "<group>"; };
		7D976F21181512FE007B6977 /* AsyncImageView.m */ = {isa = PBXFileReference; fileEncoding = 4; lastKnownFileType = sourcecode.c.objc; path = AsyncImageView.m; sourceTree = "<group>"; };
		7D976F2518152A01007B6977 /* defaultimage.png */ = {isa = PBXFileReference; lastKnownFileType = image.png; path = defaultimage.png; sourceTree = "<group>"; };
/* End PBXFileReference section */

/* Begin PBXFrameworksBuildPhase section */
		7D93AC4518112CD30086793B /* Frameworks */ = {
			isa = PBXFrameworksBuildPhase;
			buildActionMask = 2147483647;
			files = (
				7D93AC4E18112CD30086793B /* CoreGraphics.framework in Frameworks */,
				7D93AC5218112CD30086793B /* CoreData.framework in Frameworks */,
				7D93AC5018112CD30086793B /* UIKit.framework in Frameworks */,
				7D93AC4C18112CD30086793B /* Foundation.framework in Frameworks */,
			);
			runOnlyForDeploymentPostprocessing = 0;
		};
		7D93AC6E18112CD40086793B /* Frameworks */ = {
			isa = PBXFrameworksBuildPhase;
			buildActionMask = 2147483647;
			files = (
				7D93AC7318112CD40086793B /* XCTest.framework in Frameworks */,
				7D93AC7618112CD40086793B /* CoreData.framework in Frameworks */,
				7D93AC7518112CD40086793B /* UIKit.framework in Frameworks */,
				7D93AC7418112CD40086793B /* Foundation.framework in Frameworks */,
			);
			runOnlyForDeploymentPostprocessing = 0;
		};
/* End PBXFrameworksBuildPhase section */

/* Begin PBXGroup section */
		7D93AC3F18112CD30086793B = {
			isa = PBXGroup;
			children = (
				7D93AC5318112CD30086793B /* YAWA */,
				7D93AC7918112CD40086793B /* YAWATests */,
				7D93AC4A18112CD30086793B /* Frameworks */,
				7D93AC4918112CD30086793B /* Products */,
			);
			sourceTree = "<group>";
		};
		7D93AC4918112CD30086793B /* Products */ = {
			isa = PBXGroup;
			children = (
				7D93AC4818112CD30086793B /* YAWA.app */,
				7D93AC7118112CD40086793B /* YAWATests.xctest */,
			);
			name = Products;
			sourceTree = "<group>";
		};
		7D93AC4A18112CD30086793B /* Frameworks */ = {
			isa = PBXGroup;
			children = (
				7D93AC4B18112CD30086793B /* Foundation.framework */,
				7D93AC4D18112CD30086793B /* CoreGraphics.framework */,
				7D93AC4F18112CD30086793B /* UIKit.framework */,
				7D93AC5118112CD30086793B /* CoreData.framework */,
				7D93AC7218112CD40086793B /* XCTest.framework */,
			);
			name = Frameworks;
			sourceTree = "<group>";
		};
		7D93AC5318112CD30086793B /* YAWA */ = {
			isa = PBXGroup;
			children = (
				7D93AC5C18112CD30086793B /* AppDelegate.h */,
				7D93AC5D18112CD30086793B /* AppDelegate.m */,
				7D93AC5F18112CD30086793B /* Main.storyboard */,
				7D93AC6518112CD30086793B /* MasterViewController.h */,
				7D93AC6618112CD30086793B /* MasterViewController.m */,
				7D93AC6818112CD40086793B /* DetailViewController.h */,
				7D93AC6918112CD40086793B /* DetailViewController.m */,
				7D976F20181512FE007B6977 /* AsyncImageView.h */,
				7D976F21181512FE007B6977 /* AsyncImageView.m */,
				7D93AC6B18112CD40086793B /* Images.xcassets */,
				7D93AC6218112CD30086793B /* YAWA.xcdatamodeld */,
				7D93AC5418112CD30086793B /* Supporting Files */,
			);
			path = YAWA;
			sourceTree = "<group>";
		};
		7D93AC5418112CD30086793B /* Supporting Files */ = {
			isa = PBXGroup;
			children = (
				7D976F2518152A01007B6977 /* defaultimage.png */,
				7D93AC5518112CD30086793B /* YAWA-Info.plist */,
				7D93AC5618112CD30086793B /* InfoPlist.strings */,
				7D93AC5918112CD30086793B /* main.m */,
				7D93AC5B18112CD30086793B /* YAWA-Prefix.pch */,
			);
			name = "Supporting Files";
			sourceTree = "<group>";
		};
		7D93AC7918112CD40086793B /* YAWATests */ = {
			isa = PBXGroup;
			children = (
				7D93AC7F18112CD40086793B /* YAWATests.m */,
				7D93AC7A18112CD40086793B /* Supporting Files */,
			);
			path = YAWATests;
			sourceTree = "<group>";
		};
		7D93AC7A18112CD40086793B /* Supporting Files */ = {
			isa = PBXGroup;
			children = (
				7D93AC7B18112CD40086793B /* YAWATests-Info.plist */,
				7D93AC7C18112CD40086793B /* InfoPlist.strings */,
			);
			name = "Supporting Files";
			sourceTree = "<group>";
		};
/* End PBXGroup section */

/* Begin PBXNativeTarget section */
		7D93AC4718112CD30086793B /* YAWA */ = {
			isa = PBXNativeTarget;
			buildConfigurationList = 7D93AC8318112CD40086793B /* Build configuration list for PBXNativeTarget "YAWA" */;
			buildPhases = (
				7D93AC4418112CD30086793B /* Sources */,
				7D93AC4518112CD30086793B /* Frameworks */,
				7D93AC4618112CD30086793B /* Resources */,
			);
			buildRules = (
			);
			dependencies = (
			);
			name = YAWA;
			productName = YAWA;
			productReference = 7D93AC4818112CD30086793B /* YAWA.app */;
			productType = "com.apple.product-type.application";
		};
		7D93AC7018112CD40086793B /* YAWATests */ = {
			isa = PBXNativeTarget;
			buildConfigurationList = 7D93AC8618112CD40086793B /* Build configuration list for PBXNativeTarget "YAWATests" */;
			buildPhases = (
				7D93AC6D18112CD40086793B /* Sources */,
				7D93AC6E18112CD40086793B /* Frameworks */,
				7D93AC6F18112CD40086793B /* Resources */,
			);
			buildRules = (
			);
			dependencies = (
				7D93AC7818112CD40086793B /* PBXTargetDependency */,
			);
			name = YAWATests;
			productName = YAWATests;
			productReference = 7D93AC7118112CD40086793B /* YAWATests.xctest */;
			productType = "com.apple.product-type.bundle.unit-test";
		};
/* End PBXNativeTarget section */

/* Begin PBXProject section */
		7D93AC4018112CD30086793B /* Project object */ = {
			isa = PBXProject;
			attributes = {
				LastUpgradeCheck = 0500;
				ORGANIZATIONNAME = "Marcel Beetz";
				TargetAttributes = {
					7D93AC7018112CD40086793B = {
						TestTargetID = 7D93AC4718112CD30086793B;
					};
				};
			};
			buildConfigurationList = 7D93AC4318112CD30086793B /* Build configuration list for PBXProject "YAWA" */;
			compatibilityVersion = "Xcode 3.2";
			developmentRegion = English;
			hasScannedForEncodings = 0;
			knownRegions = (
				en,
				Base,
			);
			mainGroup = 7D93AC3F18112CD30086793B;
			productRefGroup = 7D93AC4918112CD30086793B /* Products */;
			projectDirPath = "";
			projectRoot = "";
			targets = (
				7D93AC4718112CD30086793B /* YAWA */,
				7D93AC7018112CD40086793B /* YAWATests */,
			);
		};
/* End PBXProject section */

/* Begin PBXResourcesBuildPhase section */
		7D93AC4618112CD30086793B /* Resources */ = {
			isa = PBXResourcesBuildPhase;
			buildActionMask = 2147483647;
			files = (
				7D93AC6C18112CD40086793B /* Images.xcassets in Resources */,
				7D93AC5818112CD30086793B /* InfoPlist.strings in Resources */,
				7D93AC6118112CD30086793B /* Main.storyboard in Resources */,
				7D976F2618152A01007B6977 /* defaultimage.png in Resources */,
			);
			runOnlyForDeploymentPostprocessing = 0;
		};
		7D93AC6F18112CD40086793B /* Resources */ = {
			isa = PBXResourcesBuildPhase;
			buildActionMask = 2147483647;
			files = (
				7D93AC7E18112CD40086793B /* InfoPlist.strings in Resources */,
			);
			runOnlyForDeploymentPostprocessing = 0;
		};
/* End PBXResourcesBuildPhase section */

/* Begin PBXSourcesBuildPhase section */
		7D93AC4418112CD30086793B /* Sources */ = {
			isa = PBXSourcesBuildPhase;
			buildActionMask = 2147483647;
			files = (
				7D93AC6A18112CD40086793B /* DetailViewController.m in Sources */,
				7D976F22181512FE007B6977 /* AsyncImageView.m in Sources */,
				7D93AC6718112CD30086793B /* MasterViewController.m in Sources */,
				7D93AC6418112CD30086793B /* YAWA.xcdatamodeld in Sources */,
				7D93AC5E18112CD30086793B /* AppDelegate.m in Sources */,
				7D93AC5A18112CD30086793B /* main.m in Sources */,
			);
			runOnlyForDeploymentPostprocessing = 0;
		};
		7D93AC6D18112CD40086793B /* Sources */ = {
			isa = PBXSourcesBuildPhase;
			buildActionMask = 2147483647;
			files = (
				7D93AC8018112CD40086793B /* YAWATests.m in Sources */,
			);
			runOnlyForDeploymentPostprocessing = 0;
		};
/* End PBXSourcesBuildPhase section */

/* Begin PBXTargetDependency section */
		7D93AC7818112CD40086793B /* PBXTargetDependency */ = {
			isa = PBXTargetDependency;
			target = 7D93AC4718112CD30086793B /* YAWA */;
			targetProxy = 7D93AC7718112CD40086793B /* PBXContainerItemProxy */;
		};
/* End PBXTargetDependency section */

/* Begin PBXVariantGroup section */
		7D93AC5618112CD30086793B /* InfoPlist.strings */ = {
			isa = PBXVariantGroup;
			children = (
				7D93AC5718112CD30086793B /* en */,
			);
			name = InfoPlist.strings;
			sourceTree = "<group>";
		};
		7D93AC5F18112CD30086793B /* Main.storyboard */ = {
			isa = PBXVariantGroup;
			children = (
				7D93AC6018112CD30086793B /* Base */,
			);
			name = Main.storyboard;
			sourceTree = "<group>";
		};
		7D93AC7C18112CD40086793B /* InfoPlist.strings */ = {
			isa = PBXVariantGroup;
			children = (
				7D93AC7D18112CD40086793B /* en */,
			);
			name = InfoPlist.strings;
			sourceTree = "<group>";
		};
/* End PBXVariantGroup section */

/* Begin XCBuildConfiguration section */
		7D93AC8118112CD40086793B /* Debug */ = {
			isa = XCBuildConfiguration;
			buildSettings = {
				ALWAYS_SEARCH_USER_PATHS = NO;
				ARCHS = "$(ARCHS_STANDARD_INCLUDING_64_BIT)";
				CLANG_CXX_LANGUAGE_STANDARD = "gnu++0x";
				CLANG_CXX_LIBRARY = "libc++";
				CLANG_ENABLE_MODULES = YES;
				CLANG_ENABLE_OBJC_ARC = YES;
				CLANG_WARN_BOOL_CONVERSION = YES;
				CLANG_WARN_CONSTANT_CONVERSION = YES;
				CLANG_WARN_DIRECT_OBJC_ISA_USAGE = YES_ERROR;
				CLANG_WARN_EMPTY_BODY = YES;
				CLANG_WARN_ENUM_CONVERSION = YES;
				CLANG_WARN_INT_CONVERSION = YES;
				CLANG_WARN_OBJC_ROOT_CLASS = YES_ERROR;
				CLANG_WARN__DUPLICATE_METHOD_MATCH = YES;
				"CODE_SIGN_IDENTITY[sdk=iphoneos*]" = "iPhone Developer";
				COPY_PHASE_STRIP = NO;
				GCC_C_LANGUAGE_STANDARD = gnu99;
				GCC_DYNAMIC_NO_PIC = NO;
				GCC_OPTIMIZATION_LEVEL = 0;
				GCC_PREPROCESSOR_DEFINITIONS = (
					"DEBUG=1",
					"$(inherited)",
				);
				GCC_SYMBOLS_PRIVATE_EXTERN = NO;
				GCC_WARN_64_TO_32_BIT_CONVERSION = YES;
				GCC_WARN_ABOUT_RETURN_TYPE = YES_ERROR;
				GCC_WARN_UNDECLARED_SELECTOR = YES;
				GCC_WARN_UNINITIALIZED_AUTOS = YES;
				GCC_WARN_UNUSED_FUNCTION = YES;
				GCC_WARN_UNUSED_VARIABLE = YES;
				IPHONEOS_DEPLOYMENT_TARGET = 7.0;
				ONLY_ACTIVE_ARCH = YES;
				SDKROOT = iphoneos;
			};
			name = Debug;
		};
		7D93AC8218112CD40086793B /* Release */ = {
			isa = XCBuildConfiguration;
			buildSettings = {
				ALWAYS_SEARCH_USER_PATHS = NO;
				ARCHS = "$(ARCHS_STANDARD_INCLUDING_64_BIT)";
				CLANG_CXX_LANGUAGE_STANDARD = "gnu++0x";
				CLANG_CXX_LIBRARY = "libc++";
				CLANG_ENABLE_MODULES = YES;
				CLANG_ENABLE_OBJC_ARC = YES;
				CLANG_WARN_BOOL_CONVERSION = YES;
				CLANG_WARN_CONSTANT_CONVERSION = YES;
				CLANG_WARN_DIRECT_OBJC_ISA_USAGE = YES_ERROR;
				CLANG_WARN_EMPTY_BODY = YES;
				CLANG_WARN_ENUM_CONVERSION = YES;
				CLANG_WARN_INT_CONVERSION = YES;
				CLANG_WARN_OBJC_ROOT_CLASS = YES_ERROR;
				CLANG_WARN__DUPLICATE_METHOD_MATCH = YES;
				"CODE_SIGN_IDENTITY[sdk=iphoneos*]" = "iPhone Developer";
				COPY_PHASE_STRIP = YES;
				ENABLE_NS_ASSERTIONS = NO;
				GCC_C_LANGUAGE_STANDARD = gnu99;
				GCC_WARN_64_TO_32_BIT_CONVERSION = YES;
				GCC_WARN_ABOUT_RETURN_TYPE = YES_ERROR;
				GCC_WARN_UNDECLARED_SELECTOR = YES;
				GCC_WARN_UNINITIALIZED_AUTOS = YES;
				GCC_WARN_UNUSED_FUNCTION = YES;
				GCC_WARN_UNUSED_VARIABLE = YES;
				IPHONEOS_DEPLOYMENT_TARGET = 7.0;
				SDKROOT = iphoneos;
				VALIDATE_PRODUCT = YES;
			};
			name = Release;
		};
		7D93AC8418112CD40086793B /* Debug */ = {
			isa = XCBuildConfiguration;
			buildSettings = {
				ASSETCATALOG_COMPILER_APPICON_NAME = AppIcon;
				ASSETCATALOG_COMPILER_LAUNCHIMAGE_NAME = LaunchImage;
				GCC_PRECOMPILE_PREFIX_HEADER = YES;
				GCC_PREFIX_HEADER = "YAWA/YAWA-Prefix.pch";
				INFOPLIST_FILE = "YAWA/YAWA-Info.plist";
				IPHONEOS_DEPLOYMENT_TARGET = 7.0;
				PRODUCT_NAME = "$(TARGET_NAME)";
				WRAPPER_EXTENSION = app;
			};
			name = Debug;
		};
		7D93AC8518112CD40086793B /* Release */ = {
			isa = XCBuildConfiguration;
			buildSettings = {
				ASSETCATALOG_COMPILER_APPICON_NAME = AppIcon;
				ASSETCATALOG_COMPILER_LAUNCHIMAGE_NAME = LaunchImage;
				GCC_PRECOMPILE_PREFIX_HEADER = YES;
				GCC_PREFIX_HEADER = "YAWA/YAWA-Prefix.pch";
				INFOPLIST_FILE = "YAWA/YAWA-Info.plist";
				IPHONEOS_DEPLOYMENT_TARGET = 7.0;
				PRODUCT_NAME = "$(TARGET_NAME)";
				WRAPPER_EXTENSION = app;
			};
			name = Release;
		};
		7D93AC8718112CD40086793B /* Debug */ = {
			isa = XCBuildConfiguration;
			buildSettings = {
				ARCHS = "$(ARCHS_STANDARD_INCLUDING_64_BIT)";
				BUNDLE_LOADER = "$(BUILT_PRODUCTS_DIR)/YAWA.app/YAWA";
				FRAMEWORK_SEARCH_PATHS = (
					"$(SDKROOT)/Developer/Library/Frameworks",
					"$(inherited)",
					"$(DEVELOPER_FRAMEWORKS_DIR)",
				);
				GCC_PRECOMPILE_PREFIX_HEADER = YES;
				GCC_PREFIX_HEADER = "YAWA/YAWA-Prefix.pch";
				GCC_PREPROCESSOR_DEFINITIONS = (
					"DEBUG=1",
					"$(inherited)",
				);
				INFOPLIST_FILE = "YAWATests/YAWATests-Info.plist";
				PRODUCT_NAME = "$(TARGET_NAME)";
				TEST_HOST = "$(BUNDLE_LOADER)";
				WRAPPER_EXTENSION = xctest;
			};
			name = Debug;
		};
		7D93AC8818112CD40086793B /* Release */ = {
			isa = XCBuildConfiguration;
			buildSettings = {
				ARCHS = "$(ARCHS_STANDARD_INCLUDING_64_BIT)";
				BUNDLE_LOADER = "$(BUILT_PRODUCTS_DIR)/YAWA.app/YAWA";
				FRAMEWORK_SEARCH_PATHS = (
					"$(SDKROOT)/Developer/Library/Frameworks",
					"$(inherited)",
					"$(DEVELOPER_FRAMEWORKS_DIR)",
				);
				GCC_PRECOMPILE_PREFIX_HEADER = YES;
				GCC_PREFIX_HEADER = "YAWA/YAWA-Prefix.pch";
				INFOPLIST_FILE = "YAWATests/YAWATests-Info.plist";
				PRODUCT_NAME = "$(TARGET_NAME)";
				TEST_HOST = "$(BUNDLE_LOADER)";
				WRAPPER_EXTENSION = xctest;
			};
			name = Release;
		};
/* End XCBuildConfiguration section */

/* Begin XCConfigurationList section */
		7D93AC4318112CD30086793B /* Build configuration list for PBXProject "YAWA" */ = {
			isa = XCConfigurationList;
			buildConfigurations = (
				7D93AC8118112CD40086793B /* Debug */,
				7D93AC8218112CD40086793B /* Release */,
			);
			defaultConfigurationIsVisible = 0;
			defaultConfigurationName = Release;
		};
		7D93AC8318112CD40086793B /* Build configuration list for PBXNativeTarget "YAWA" */ = {
			isa = XCConfigurationList;
			buildConfigurations = (
				7D93AC8418112CD40086793B /* Debug */,
				7D93AC8518112CD40086793B /* Release */,
			);
			defaultConfigurationIsVisible = 0;
			defaultConfigurationName = Release;
		};
		7D93AC8618112CD40086793B /* Build configuration list for PBXNativeTarget "YAWATests" */ = {
			isa = XCConfigurationList;
			buildConfigurations = (
				7D93AC8718112CD40086793B /* Debug */,
				7D93AC8818112CD40086793B /* Release */,
			);
			defaultConfigurationIsVisible = 0;
			defaultConfigurationName = Release;
		};
/* End XCConfigurationList section */

/* Begin XCVersionGroup section */
		7D93AC6218112CD30086793B /* YAWA.xcdatamodeld */ = {
			isa = XCVersionGroup;
			children = (
				7D93AC6318112CD30086793B /* YAWA.xcdatamodel */,
			);
			currentVersion = 7D93AC6318112CD30086793B /* YAWA.xcdatamodel */;
			path = YAWA.xcdatamodeld;
			sourceTree = "<group>";
			versionGroupType = wrapper.xcdatamodel;
		};
/* End XCVersionGroup section */
	};
	rootObject = 7D93AC4018112CD30086793B /* Project object */;
}
